{
  "name": "FE",
  "lockfileVersion": 2,
  "requires": true,
  "packages": {
    "": {
      "devDependencies": {
        "vue-text-to-speech": "^1.0.6"
      }
    },
    "node_modules/moment": {
      "version": "2.29.2",
      "resolved": "https://registry.npmjs.org/moment/-/moment-2.29.2.tgz",
      "integrity": "sha512-UgzG4rvxYpN15jgCmVJwac49h9ly9NurikMWGPdVxm8GZD6XjkKPxDTjQQ43gtGgnV3X0cAyWDdP2Wexoquifg==",
      "dev": true,
      "engines": {
        "node": "*"
      }
    },
    "node_modules/vue-text-to-speech": {
      "version": "1.0.6",
      "resolved": "https://registry.npmjs.org/vue-text-to-speech/-/vue-text-to-speech-1.0.6.tgz",
      "integrity": "sha512-6IY7QW0L3yO9wTuyJww7CqG4Mk2MaTftMxYzIHFbUmPVSL/SnWanCE1CHOEIkReYCXQgHYB5b1hOOv+O/hRCiA==",
      "dev": true,
      "dependencies": {
        "moment": "^2.18.1"
      }
    }
  },
  "dependencies": {
    "moment": {
      "version": "2.29.2",
      "resolved": "https://registry.npmjs.org/moment/-/moment-2.29.2.tgz",
      "integrity": "sha512-UgzG4rvxYpN15jgCmVJwac49h9ly9NurikMWGPdVxm8GZD6XjkKPxDTjQQ43gtGgnV3X0cAyWDdP2Wexoquifg==",
      "dev": true
    },
    "vue-text-to-speech": {
      "version": "1.0.6",
      "resolved": "https://registry.npmjs.org/vue-text-to-speech/-/vue-text-to-speech-1.0.6.tgz",
      "integrity": "sha512-6IY7QW0L3yO9wTuyJww7CqG4Mk2MaTftMxYzIHFbUmPVSL/SnWanCE1CHOEIkReYCXQgHYB5b1hOOv+O/hRCiA==",
      "dev": true,
      "requires": {
        "moment": "^2.18.1"
      }
    }
  }
}
